{
  "name": "event-bot",
  "version": "0.0.0",
  "lockfileVersion": 1,
  "requires": true,
  "dependencies": {
    "discord-client": {
      "version": "0.0.0",
      "requires": {
        "snowtransfer": "^0.2.4",
        "solace": "^0.0.0"
      },
      "dependencies": {
        "asynckit": {
          "version": "0.4.0",
          "bundled": true
        },
        "axios": {
          "version": "0.16.2",
          "bundled": true,
          "requires": {
            "follow-redirects": "^1.2.3",
            "is-buffer": "^1.1.5"
          }
        },
        "combined-stream": {
          "version": "1.0.7",
          "bundled": true,
          "requires": {
            "delayed-stream": "~1.0.0"
          }
        },
        "cookie": {
          "version": "0.3.1",
          "bundled": true,
          "optional": true
        },
        "debug": {
          "version": "3.1.0",
          "bundled": true,
          "requires": {
            "ms": "2.0.0"
          }
        },
        "delayed-stream": {
          "version": "1.0.0",
          "bundled": true
        },
        "follow-redirects": {
          "version": "1.6.1",
          "bundled": true,
          "requires": {
            "debug": "=3.1.0"
          }
        },
        "form-data": {
          "version": "2.3.3",
          "bundled": true,
          "requires": {
            "asynckit": "^0.4.0",
            "combined-stream": "^1.0.6",
            "mime-types": "^2.1.12"
          }
        },
        "is-buffer": {
          "version": "1.1.6",
          "bundled": true
        },
        "lsmod": {
          "version": "1.0.0",
          "bundled": true,
          "optional": true
        },
        "mime-db": {
          "version": "1.37.0",
          "bundled": true
        },
        "mime-types": {
          "version": "2.1.21",
          "bundled": true,
          "requires": {
            "mime-db": "~1.37.0"
          }
        },
        "ms": {
          "version": "2.0.0",
          "bundled": true
        },
        "raven": {
          "version": "2.2.1",
          "bundled": true,
          "optional": true,
          "requires": {
            "cookie": "0.3.1",
            "lsmod": "1.0.0",
            "stack-trace": "0.0.9",
            "timed-out": "4.0.1",
            "uuid": "3.0.0"
          }
        },
        "snowtransfer": {
          "version": "0.2.4",
          "bundled": true,
          "requires": {
            "axios": "~0.16.2",
            "form-data": "~2.3.1",
            "raven": "~2.2.1"
          }
        },
        "solace": {
          "version": "0.0.0",
          "bundled": true,
          "requires": {
            "solclientjs": "^10.2.0"
          },
          "dependencies": {
            "solclientjs": {
              "version": "10.2.0",
              "bundled": true,
              "requires": {
                "clone": "*",
                "core-js": "*",
                "long": "*",
                "options": "*",
                "ultron": "*",
                "ws": "*"
              },
              "dependencies": {
                "clone": {
                  "version": "2.1.1",
                  "bundled": true
                },
                "core-js": {
                  "version": "2.5.1",
                  "bundled": true
                },
                "long": {
                  "version": "3.2.0",
                  "bundled": true
                },
                "options": {
                  "version": "0.0.6",
                  "bundled": true
                },
                "ultron": {
                  "version": "1.0.2",
                  "bundled": true
                },
                "ws": {
                  "version": "1.1.1-Solace",
                  "bundled": true,
                  "requires": {
                    "options": ">=0.0.5",
                    "ultron": "1.0.x"
                  }
                }
              }
            }
          }
        },
        "stack-trace": {
          "version": "0.0.9",
          "bundled": true,
          "optional": true
        },
        "timed-out": {
          "version": "4.0.1",
          "bundled": true,
          "optional": true
        },
        "uuid": {
          "version": "3.0.0",
          "bundled": true,
          "optional": true
        }
      }
    }
  }
}
